
Microsoft Visual Studio Solution File, Format Version 12.00
# Visual Studio Version 17
VisualStudioVersion = 17.11.35222.181
MinimumVisualStudioVersion = 10.0.40219.1
Project("{FAE04EC0-301F-11D3-BF4B-00C04F79EFBC}") = "ClashSolver(2024)", "ClashSolver\ClashSolver(2024).csproj", "{3B2B8B95-7554-46E9-B62F-46C2072B9E19}"
	ProjectSection(ProjectDependencies) = postProject
		{A2AC7F7F-3EA9-41DF-A834-E461D39687BC} = {A2AC7F7F-3EA9-41DF-A834-E461D39687BC}
	EndProjectSection
EndProject
Project("{FAE04EC0-301F-11D3-BF4B-00C04F79EFBC}") = "Components", "Components\Components.csproj", "{33F772F6-B163-41E2-AD96-33B36CD8E04E}"
EndProject
Project("{FAE04EC0-301F-11D3-BF4B-00C04F79EFBC}") = "Core", "Core\Core.csproj", "{D312B4FC-EF20-4993-AE3C-1875B255CF8C}"
EndProject
Project("{2150E333-8FDC-42A3-9474-1A3956D46DE8}") = "Solution Items", "Solution Items", "{CE129720-32AC-42D2-B17A-782917343C74}"
EndProject
Project("{FAE04EC0-301F-11D3-BF4B-00C04F79EFBC}") = "ClashSolver.UI_NETFramework", "ClashSolver.UI\ClashSolver.UI_NETFramework.csproj", "{A2AC7F7F-3EA9-41DF-A834-E461D39687BC}"
EndProject
Project("{9A19103F-16F7-4668-BE54-9A1E7A4F7556}") = "UITest", "UITest\UITest.csproj", "{EE8893CF-54D7-4405-906B-AAB938401326}"
EndProject
Project("{FAE04EC0-301F-11D3-BF4B-00C04F79EFBC}") = "ForgeAPI_NETFramework", "ForgeAPI\ForgeAPI_NETFramework.csproj", "{01293DD2-31BE-43C5-81FD-B1F80C73835E}"
EndProject
Project("{2150E333-8FDC-42A3-9474-1A3956D46DE8}") = "License", "License", "{6124E8BB-D15C-4180-B7DD-00D24FEE3437}"
EndProject
Project("{2150E333-8FDC-42A3-9474-1A3956D46DE8}") = "QLicense", "QLicense", "{5DC5C066-8730-42CB-B0EA-FCD9D3E991A7}"
EndProject
Project("{2150E333-8FDC-42A3-9474-1A3956D46DE8}") = "ATXLicense", "ATXLicense", "{3A48A809-59D8-48D9-BD3E-837CAC46C59E}"
EndProject
Project("{FAE04EC0-301F-11D3-BF4B-00C04F79EFBC}") = "QLicense", "License\QLicense\QLicense.csproj", "{1980E43F-C5E4-4A2B-95A6-1AEBDC7EE2B7}"
EndProject
Project("{FAE04EC0-301F-11D3-BF4B-00C04F79EFBC}") = "ATXLicense", "License\ATXLicense\ATXLicense.csproj", "{68F0FDC6-D1E4-4E3C-8101-F814374DD1A5}"
EndProject
Global
	GlobalSection(SolutionConfigurationPlatforms) = preSolution
		Debug|Any CPU = Debug|Any CPU
		Debug|x64 = Debug|x64
		Release|Any CPU = Release|Any CPU
		Release|x64 = Release|x64
	EndGlobalSection
	GlobalSection(ProjectConfigurationPlatforms) = postSolution
		{3B2B8B95-7554-46E9-B62F-46C2072B9E19}.Debug|Any CPU.ActiveCfg = Debug|Any CPU
		{3B2B8B95-7554-46E9-B62F-46C2072B9E19}.Debug|Any CPU.Build.0 = Debug|Any CPU
		{3B2B8B95-7554-46E9-B62F-46C2072B9E19}.Debug|x64.ActiveCfg = Debug|Any CPU
		{3B2B8B95-7554-46E9-B62F-46C2072B9E19}.Debug|x64.Build.0 = Debug|Any CPU
		{3B2B8B95-7554-46E9-B62F-46C2072B9E19}.Release|Any CPU.ActiveCfg = Release|Any CPU
		{3B2B8B95-7554-46E9-B62F-46C2072B9E19}.Release|Any CPU.Build.0 = Release|Any CPU
		{3B2B8B95-7554-46E9-B62F-46C2072B9E19}.Release|x64.ActiveCfg = Release|Any CPU
		{3B2B8B95-7554-46E9-B62F-46C2072B9E19}.Release|x64.Build.0 = Release|Any CPU
		{33F772F6-B163-41E2-AD96-33B36CD8E04E}.Debug|Any CPU.ActiveCfg = Debug|Any CPU
		{33F772F6-B163-41E2-AD96-33B36CD8E04E}.Debug|Any CPU.Build.0 = Debug|Any CPU
		{33F772F6-B163-41E2-AD96-33B36CD8E04E}.Debug|x64.ActiveCfg = Debug|Any CPU
		{33F772F6-B163-41E2-AD96-33B36CD8E04E}.Debug|x64.Build.0 = Debug|Any CPU
		{33F772F6-B163-41E2-AD96-33B36CD8E04E}.Release|Any CPU.ActiveCfg = Release|Any CPU
		{33F772F6-B163-41E2-AD96-33B36CD8E04E}.Release|Any CPU.Build.0 = Release|Any CPU
		{33F772F6-B163-41E2-AD96-33B36CD8E04E}.Release|x64.ActiveCfg = Release|Any CPU
		{33F772F6-B163-41E2-AD96-33B36CD8E04E}.Release|x64.Build.0 = Release|Any CPU
		{D312B4FC-EF20-4993-AE3C-1875B255CF8C}.Debug|Any CPU.ActiveCfg = Debug|Any CPU
		{D312B4FC-EF20-4993-AE3C-1875B255CF8C}.Debug|Any CPU.Build.0 = Debug|Any CPU
		{D312B4FC-EF20-4993-AE3C-1875B255CF8C}.Debug|x64.ActiveCfg = Debug|Any CPU
		{D312B4FC-EF20-4993-AE3C-1875B255CF8C}.Debug|x64.Build.0 = Debug|Any CPU
		{D312B4FC-EF20-4993-AE3C-1875B255CF8C}.Release|Any CPU.ActiveCfg = Release|Any CPU
		{D312B4FC-EF20-4993-AE3C-1875B255CF8C}.Release|Any CPU.Build.0 = Release|Any CPU
		{D312B4FC-EF20-4993-AE3C-1875B255CF8C}.Release|x64.ActiveCfg = Release|Any CPU
		{D312B4FC-EF20-4993-AE3C-1875B255CF8C}.Release|x64.Build.0 = Release|Any CPU
		{A2AC7F7F-3EA9-41DF-A834-E461D39687BC}.Debug|Any CPU.ActiveCfg = Debug|Any CPU
		{A2AC7F7F-3EA9-41DF-A834-E461D39687BC}.Debug|Any CPU.Build.0 = Debug|Any CPU
		{A2AC7F7F-3EA9-41DF-A834-E461D39687BC}.Debug|x64.ActiveCfg = Debug|Any CPU
		{A2AC7F7F-3EA9-41DF-A834-E461D39687BC}.Debug|x64.Build.0 = Debug|Any CPU
		{A2AC7F7F-3EA9-41DF-A834-E461D39687BC}.Release|Any CPU.ActiveCfg = Release|Any CPU
		{A2AC7F7F-3EA9-41DF-A834-E461D39687BC}.Release|Any CPU.Build.0 = Release|Any CPU
		{A2AC7F7F-3EA9-41DF-A834-E461D39687BC}.Release|x64.ActiveCfg = Release|Any CPU
		{A2AC7F7F-3EA9-41DF-A834-E461D39687BC}.Release|x64.Build.0 = Release|Any CPU
		{EE8893CF-54D7-4405-906B-AAB938401326}.Debug|Any CPU.ActiveCfg = Debug|Any CPU
		{EE8893CF-54D7-4405-906B-AAB938401326}.Debug|Any CPU.Build.0 = Debug|Any CPU
		{EE8893CF-54D7-4405-906B-AAB938401326}.Debug|x64.ActiveCfg = Debug|Any CPU
		{EE8893CF-54D7-4405-906B-AAB938401326}.Debug|x64.Build.0 = Debug|Any CPU
		{EE8893CF-54D7-4405-906B-AAB938401326}.Release|Any CPU.ActiveCfg = Release|Any CPU
		{EE8893CF-54D7-4405-906B-AAB938401326}.Release|Any CPU.Build.0 = Release|Any CPU
		{EE8893CF-54D7-4405-906B-AAB938401326}.Release|x64.ActiveCfg = Release|Any CPU
		{EE8893CF-54D7-4405-906B-AAB938401326}.Release|x64.Build.0 = Release|Any CPU
		{01293DD2-31BE-43C5-81FD-B1F80C73835E}.Debug|Any CPU.ActiveCfg = Debug|Any CPU
		{01293DD2-31BE-43C5-81FD-B1F80C73835E}.Debug|Any CPU.Build.0 = Debug|Any CPU
		{01293DD2-31BE-43C5-81FD-B1F80C73835E}.Debug|x64.ActiveCfg = Debug|Any CPU
		{01293DD2-31BE-43C5-81FD-B1F80C73835E}.Debug|x64.Build.0 = Debug|Any CPU
		{01293DD2-31BE-43C5-81FD-B1F80C73835E}.Release|Any CPU.ActiveCfg = Release|Any CPU
		{01293DD2-31BE-43C5-81FD-B1F80C73835E}.Release|Any CPU.Build.0 = Release|Any CPU
		{01293DD2-31BE-43C5-81FD-B1F80C73835E}.Release|x64.ActiveCfg = Release|Any CPU
		{01293DD2-31BE-43C5-81FD-B1F80C73835E}.Release|x64.Build.0 = Release|Any CPU
		{1980E43F-C5E4-4A2B-95A6-1AEBDC7EE2B7}.Debug|Any CPU.ActiveCfg = Debug|Any CPU
		{1980E43F-C5E4-4A2B-95A6-1AEBDC7EE2B7}.Debug|Any CPU.Build.0 = Debug|Any CPU
		{1980E43F-C5E4-4A2B-95A6-1AEBDC7EE2B7}.Debug|x64.ActiveCfg = Debug|Any CPU
		{1980E43F-C5E4-4A2B-95A6-1AEBDC7EE2B7}.Debug|x64.Build.0 = Debug|Any CPU
		{1980E43F-C5E4-4A2B-95A6-1AEBDC7EE2B7}.Release|Any CPU.ActiveCfg = Release|Any CPU
		{1980E43F-C5E4-4A2B-95A6-1AEBDC7EE2B7}.Release|Any CPU.Build.0 = Release|Any CPU
		{1980E43F-C5E4-4A2B-95A6-1AEBDC7EE2B7}.Release|x64.ActiveCfg = Release|Any CPU
		{1980E43F-C5E4-4A2B-95A6-1AEBDC7EE2B7}.Release|x64.Build.0 = Release|Any CPU
		{68F0FDC6-D1E4-4E3C-8101-F814374DD1A5}.Debug|Any CPU.ActiveCfg = Debug|Any CPU
		{68F0FDC6-D1E4-4E3C-8101-F814374DD1A5}.Debug|Any CPU.Build.0 = Debug|Any CPU
		{68F0FDC6-D1E4-4E3C-8101-F814374DD1A5}.Debug|x64.ActiveCfg = Debug|Any CPU
		{68F0FDC6-D1E4-4E3C-8101-F814374DD1A5}.Debug|x64.Build.0 = Debug|Any CPU
		{68F0FDC6-D1E4-4E3C-8101-F814374DD1A5}.Release|Any CPU.ActiveCfg = Release|Any CPU
		{68F0FDC6-D1E4-4E3C-8101-F814374DD1A5}.Release|Any CPU.Build.0 = Release|Any CPU
		{68F0FDC6-D1E4-4E3C-8101-F814374DD1A5}.Release|x64.ActiveCfg = Release|Any CPU
		{68F0FDC6-D1E4-4E3C-8101-F814374DD1A5}.Release|x64.Build.0 = Release|Any CPU
	EndGlobalSection
	GlobalSection(SolutionProperties) = preSolution
		HideSolutionNode = FALSE
	EndGlobalSection
	GlobalSection(NestedProjects) = preSolution
		{5DC5C066-8730-42CB-B0EA-FCD9D3E991A7} = {6124E8BB-D15C-4180-B7DD-00D24FEE3437}
		{3A48A809-59D8-48D9-BD3E-837CAC46C59E} = {6124E8BB-D15C-4180-B7DD-00D24FEE3437}
		{1980E43F-C5E4-4A2B-95A6-1AEBDC7EE2B7} = {5DC5C066-8730-42CB-B0EA-FCD9D3E991A7}
		{68F0FDC6-D1E4-4E3C-8101-F814374DD1A5} = {3A48A809-59D8-48D9-BD3E-837CAC46C59E}
	EndGlobalSection
	GlobalSection(ExtensibilityGlobals) = postSolution
		SolutionGuid = {B0A8CA7A-A05D-4A35-904D-9F99C50B1AFE}
	EndGlobalSection
EndGlobal
